
Microsoft Visual Studio Solution File, Format Version 12.00
# Visual Studio 15
VisualStudioVersion = 15.0.28307.489
MinimumVisualStudioVersion = 10.0.40219.1
Project("{FAE04EC0-301F-11D3-BF4B-00C04F79EFBC}") = "SharpTrooper", "..\SharpTrooper\SharpTrooper.csproj", "{64FA6A89-9042-42A7-A331-A8D6FBC79340}"
EndProject
Project("{FAE04EC0-301F-11D3-BF4B-00C04F79EFBC}") = "HttpWebRequestResponse", "HttpWebRequestResponse\HttpWebRequestResponse.csproj", "{60B18778-5496-4A0E-B37C-7656B16BE178}"
EndProject
Project("{FAE04EC0-301F-11D3-BF4B-00C04F79EFBC}") = "WebClientSample", "WebClientSample\WebClientSample.csproj", "{6CAADA16-3C37-4256-B95A-856826603108}"
EndProject
Project("{FAE04EC0-301F-11D3-BF4B-00C04F79EFBC}") = "DesktopClient", "DesktopClient\DesktopClient.csproj", "{C8D4088B-4A03-4F82-AF73-042C19A4D961}"
EndProject
Project("{FAE04EC0-301F-11D3-BF4B-00C04F79EFBC}") = "SWAPIRestClient", "SWAPIRestClient\SWAPIRestClient.csproj", "{BD7AEFD9-D281-4EFA-BC62-23EC4D04AB7F}"
EndProject
Project("{FAE04EC0-301F-11D3-BF4B-00C04F79EFBC}") = "DesktopClientTestProject", "DesktopClientTestProject\DesktopClientTestProject.csproj", "{A89FECEE-8478-48FF-B7E5-40FBB7F8CB14}"
EndProject
Global
	GlobalSection(SolutionConfigurationPlatforms) = preSolution
		Debug|Any CPU = Debug|Any CPU
		Release|Any CPU = Release|Any CPU
	EndGlobalSection
	GlobalSection(ProjectConfigurationPlatforms) = postSolution
		{64FA6A89-9042-42A7-A331-A8D6FBC79340}.Debug|Any CPU.ActiveCfg = Debug|Any CPU
		{64FA6A89-9042-42A7-A331-A8D6FBC79340}.Debug|Any CPU.Build.0 = Debug|Any CPU
		{64FA6A89-9042-42A7-A331-A8D6FBC79340}.Release|Any CPU.ActiveCfg = Release|Any CPU
		{64FA6A89-9042-42A7-A331-A8D6FBC79340}.Release|Any CPU.Build.0 = Release|Any CPU
		{60B18778-5496-4A0E-B37C-7656B16BE178}.Debug|Any CPU.ActiveCfg = Debug|Any CPU
		{60B18778-5496-4A0E-B37C-7656B16BE178}.Debug|Any CPU.Build.0 = Debug|Any CPU
		{60B18778-5496-4A0E-B37C-7656B16BE178}.Release|Any CPU.ActiveCfg = Release|Any CPU
		{60B18778-5496-4A0E-B37C-7656B16BE178}.Release|Any CPU.Build.0 = Release|Any CPU
		{6CAADA16-3C37-4256-B95A-856826603108}.Debug|Any CPU.ActiveCfg = Debug|Any CPU
		{6CAADA16-3C37-4256-B95A-856826603108}.Debug|Any CPU.Build.0 = Debug|Any CPU
		{6CAADA16-3C37-4256-B95A-856826603108}.Release|Any CPU.ActiveCfg = Release|Any CPU
		{6CAADA16-3C37-4256-B95A-856826603108}.Release|Any CPU.Build.0 = Release|Any CPU
		{C8D4088B-4A03-4F82-AF73-042C19A4D961}.Debug|Any CPU.ActiveCfg = Debug|Any CPU
		{C8D4088B-4A03-4F82-AF73-042C19A4D961}.Debug|Any CPU.Build.0 = Debug|Any CPU
		{C8D4088B-4A03-4F82-AF73-042C19A4D961}.Release|Any CPU.ActiveCfg = Release|Any CPU
		{C8D4088B-4A03-4F82-AF73-042C19A4D961}.Release|Any CPU.Build.0 = Release|Any CPU
		{BD7AEFD9-D281-4EFA-BC62-23EC4D04AB7F}.Debug|Any CPU.ActiveCfg = Debug|Any CPU
		{BD7AEFD9-D281-4EFA-BC62-23EC4D04AB7F}.Debug|Any CPU.Build.0 = Debug|Any CPU
		{BD7AEFD9-D281-4EFA-BC62-23EC4D04AB7F}.Release|Any CPU.ActiveCfg = Release|Any CPU
		{BD7AEFD9-D281-4EFA-BC62-23EC4D04AB7F}.Release|Any CPU.Build.0 = Release|Any CPU
		{A89FECEE-8478-48FF-B7E5-40FBB7F8CB14}.Debug|Any CPU.ActiveCfg = Debug|Any CPU
		{A89FECEE-8478-48FF-B7E5-40FBB7F8CB14}.Debug|Any CPU.Build.0 = Debug|Any CPU
		{A89FECEE-8478-48FF-B7E5-40FBB7F8CB14}.Release|Any CPU.ActiveCfg = Release|Any CPU
		{A89FECEE-8478-48FF-B7E5-40FBB7F8CB14}.Release|Any CPU.Build.0 = Release|Any CPU
	EndGlobalSection
	GlobalSection(SolutionProperties) = preSolution
		HideSolutionNode = FALSE
	EndGlobalSection
	GlobalSection(ExtensibilityGlobals) = postSolution
		SolutionGuid = {F2B6DCDC-B342-448E-82BC-B6C2B0A9401A}
	EndGlobalSection
EndGlobal
